
Microsoft Visual Studio Solution File, Format Version 12.00
# Visual Studio Version 16
VisualStudioVersion = 16.0.31829.152
MinimumVisualStudioVersion = 10.0.40219.1
Project("{FAE04EC0-301F-11D3-BF4B-00C04F79EFBC}") = "Odev", "Odev.csproj", "{DCB14290-C9FD-4285-A1A1-48ED207E695A}"
EndProject
Global
	GlobalSection(SolutionConfigurationPlatforms) = preSolution
		Debug|Any CPU = Debug|Any CPU
		Release|Any CPU = Release|Any CPU
	EndGlobalSection
	GlobalSection(ProjectConfigurationPlatforms) = postSolution
		{DCB14290-C9FD-4285-A1A1-48ED207E695A}.Debug|Any CPU.ActiveCfg = Debug|Any CPU
		{DCB14290-C9FD-4285-A1A1-48ED207E695A}.Debug|Any CPU.Build.0 = Debug|Any CPU
		{DCB14290-C9FD-4285-A1A1-48ED207E695A}.Release|Any CPU.ActiveCfg = Release|Any CPU
		{DCB14290-C9FD-4285-A1A1-48ED207E695A}.Release|Any CPU.Build.0 = Release|Any CPU
	EndGlobalSection
	GlobalSection(SolutionProperties) = preSolution
		HideSolutionNode = FALSE
	EndGlobalSection
	GlobalSection(ExtensibilityGlobals) = postSolution
		SolutionGuid = {20F6004D-379C-4160-94FD-38565C437AD3}
	EndGlobalSection
EndGlobal
